// !$*UTF8*$!
{
	archiveVersion = 1;
	classes = {
	};
	objectVersion = 50;
	objects = {

/* Begin PBXBuildFile section */
		30DF32F4248A13CF00BB6259 /* AppDelegate.swift in Sources */ = {isa = PBXBuildFile; fileRef = 30DF32F3248A13CF00BB6259 /* AppDelegate.swift */; };
		30DF32F6248A13CF00BB6259 /* SceneDelegate.swift in Sources */ = {isa = PBXBuildFile; fileRef = 30DF32F5248A13CF00BB6259 /* SceneDelegate.swift */; };
		30DF32F8248A13CF00BB6259 /* ViewController.swift in Sources */ = {isa = PBXBuildFile; fileRef = 30DF32F7248A13CF00BB6259 /* ViewController.swift */; };
		30DF32FB248A13CF00BB6259 /* Main.storyboard in Resources */ = {isa = PBXBuildFile; fileRef = 30DF32F9248A13CF00BB6259 /* Main.storyboard */; };
		30DF32FD248A13D300BB6259 /* Assets.xcassets in Resources */ = {isa = PBXBuildFile; fileRef = 30DF32FC248A13D300BB6259 /* Assets.xcassets */; };
		30DF3300248A13D300BB6259 /* LaunchScreen.storyboard in Resources */ = {isa = PBXBuildFile; fileRef = 30DF32FE248A13D300BB6259 /* LaunchScreen.storyboard */; };
/* End PBXBuildFile section */

/* Begin PBXFileReference section */
		30DF32F0248A13CF00BB6259 /* CalcApp.app */ = {isa = PBXFileReference; explicitFileType = wrapper.application; includeInIndex = 0; path = CalcApp.app; sourceTree = BUILT_PRODUCTS_DIR; };
		30DF32F3248A13CF00BB6259 /* AppDelegate.swift */ = {isa = PBXFileReference; lastKnownFileType = sourcecode.swift; path = AppDelegate.swift; sourceTree = "<group>"; };
		30DF32F5248A13CF00BB6259 /* SceneDelegate.swift */ = {isa = PBXFileReference; lastKnownFileType = sourcecode.swift; path = SceneDelegate.swift; sourceTree = "<group>"; };
		30DF32F7248A13CF00BB6259 /* ViewController.swift */ = {isa = PBXFileReference; lastKnownFileType = sourcecode.swift; path = ViewController.swift; sourceTree = "<group>"; };
		30DF32FA248A13CF00BB6259 /* Base */ = {isa = PBXFileReference; lastKnownFileType = file.storyboard; name = Base; path = Base.lproj/Main.storyboard; sourceTree = "<group>"; };
		30DF32FC248A13D300BB6259 /* Assets.xcassets */ = {isa = PBXFileReference; lastKnownFileType = folder.assetcatalog; path = Assets.xcassets; sourceTree = "<group>"; };
		30DF32FF248A13D300BB6259 /* Base */ = {isa = PBXFileReference; lastKnownFileType = file.storyboard; name = Base; path = Base.lproj/LaunchScreen.storyboard; sourceTree = "<group>"; };
		30DF3301248A13D300BB6259 /* Info.plist */ = {isa = PBXFileReference; lastKnownFileType = text.plist.xml; path = Info.plist; sourceTree = "<group>"; };
/* End PBXFileReference section */

/* Begin PBXFrameworksBuildPhase section */
		30DF32ED248A13CF00BB6259 /* Frameworks */ = {
			isa = PBXFrameworksBuildPhase;
			buildActionMask = 2147483647;
			files = (
			);
			runOnlyForDeploymentPostprocessing = 0;
		};
/* End PBXFrameworksBuildPhase section */

/* Begin PBXGroup section */
		30DF32E7248A13CF00BB6259 = {
			isa = PBXGroup;
			children = (
				30DF32F2248A13CF00BB6259 /* CalcApp */,
				30DF32F1248A13CF00BB6259 /* Products */,
			);
			sourceTree = "<group>";
		};
		30DF32F1248A13CF00BB6259 /* Products */ = {
			isa = PBXGroup;
			children = (
				30DF32F0248A13CF00BB6259 /* CalcApp.app */,
			);
			name = Products;
			sourceTree = "<group>";
		};
		30DF32F2248A13CF00BB6259 /* CalcApp */ = {
			isa = PBXGroup;
			children = (
				30DF32F3248A13CF00BB6259 /* AppDelegate.swift */,
				30DF32F5248A13CF00BB6259 /* SceneDelegate.swift */,
				30DF32F7248A13CF00BB6259 /* ViewController.swift */,
				30DF32F9248A13CF00BB6259 /* Main.storyboard */,
				30DF32FC248A13D300BB6259 /* Assets.xcassets */,
				30DF32FE248A13D300BB6259 /* LaunchScreen.storyboard */,
				30DF3301248A13D300BB6259 /* Info.plist */,
			);
			path = CalcApp;
			sourceTree = "<group>";
		};
/* End PBXGroup section */

/* Begin PBXNativeTarget section */
		30DF32EF248A13CF00BB6259 /* CalcApp */ = {
			isa = PBXNativeTarget;
			buildConfigurationList = 30DF3304248A13D300BB6259 /* Build configuration list for PBXNativeTarget "CalcApp" */;
			buildPhases = (
				30DF32EC248A13CF00BB6259 /* Sources */,
				30DF32ED248A13CF00BB6259 /* Frameworks */,
				30DF32EE248A13CF00BB6259 /* Resources */,
			);
			buildRules = (
			);
			dependencies = (
			);
			name = CalcApp;
			productName = CalcApp;
			productReference = 30DF32F0248A13CF00BB6259 /* CalcApp.app */;
			productType = "com.apple.product-type.application";
		};
/* End PBXNativeTarget section */

/* Begin PBXProject section */
		30DF32E8248A13CF00BB6259 /* Project object */ = {
			isa = PBXProject;
			attributes = {
				LastSwiftUpdateCheck = 1150;
				LastUpgradeCheck = 1150;
				ORGANIZATIONNAME = "ASW Kawamukai";
				TargetAttributes = {
					30DF32EF248A13CF00BB6259 = {
						CreatedOnToolsVersion = 11.5;
					};
				};
			};
			buildConfigurationList = 30DF32EB248A13CF00BB6259 /* Build configuration list for PBXProject "CalcApp" */;
			compatibilityVersion = "Xcode 9.3";
			developmentRegion = en;
			hasScannedForEncodings = 0;
			knownRegions = (
				en,
				Base,
			);
			mainGroup = 30DF32E7248A13CF00BB6259;
			productRefGroup = 30DF32F1248A13CF00BB6259 /* Products */;
			projectDirPath = "";
			projectRoot = "";
			targets = (
				30DF32EF248A13CF00BB6259 /* CalcApp */,
			);
		};
/* End PBXProject section */

/* Begin PBXResourcesBuildPhase section */
		30DF32EE248A13CF00BB6259 /* Resources */ = {
			isa = PBXResourcesBuildPhase;
			buildActionMask = 2147483647;
			files = (
				30DF3300248A13D300BB6259 /* LaunchScreen.storyboard in Resources */,
				30DF32FD248A13D300BB6259 /* Assets.xcassets in Resources */,
				30DF32FB248A13CF00BB6259 /* Main.storyboard in Resources */,
			);
			runOnlyForDeploymentPostprocessing = 0;
		};
/* End PBXResourcesBuildPhase section */

/* Begin PBXSourcesBuildPhase section */
		30DF32EC248A13CF00BB6259 /* Sources */ = {
			isa = PBXSourcesBuildPhase;
			buildActionMask = 2147483647;
			files = (
				30DF32F8248A13CF00BB6259 /* ViewController.swift in Sources */,
				30DF32F4248A13CF00BB6259 /* AppDelegate.swift in Sources */,
				30DF32F6248A13CF00BB6259 /* SceneDelegate.swift in Sources */,
			);
			runOnlyForDeploymentPostprocessing = 0;
		};
/* End PBXSourcesBuildPhase section */

/* Begin PBXVariantGroup section */
		30DF32F9248A13CF00BB6259 /* Main.storyboard */ = {
			isa = PBXVariantGroup;
			children = (
				30DF32FA248A13CF00BB6259 /* Base */,
			);
			name = Main.storyboard;
			sourceTree = "<group>";
		};
		30DF32FE248A13D300BB6259 /* LaunchScreen.storyboard */ = {
			isa = PBXVariantGroup;
			children = (
				30DF32FF248A13D300BB6259 /* Base */,
			);
			name = LaunchScreen.storyboard;
			sourceTree = "<group>";
		};
/* End PBXVariantGroup section */

/* Begin XCBuildConfiguration section */
		30DF3302248A13D300BB6259 /* Debug */ = {
			isa = XCBuildConfiguration;
			buildSettings = {
				ALWAYS_SEARCH_USER_PATHS = NO;
				CLANG_ANALYZER_NONNULL = YES;
				CLANG_ANALYZER_NUMBER_OBJECT_CONVERSION = YES_AGGRESSIVE;
				CLANG_CXX_LANGUAGE_STANDARD = "gnu++14";
				CLANG_CXX_LIBRARY = "libc++";
				CLANG_ENABLE_MODULES = YES;
				CLANG_ENABLE_OBJC_ARC = YES;
				CLANG_ENABLE_OBJC_WEAK = YES;
				CLANG_WARN_BLOCK_CAPTURE_AUTORELEASING = YES;
				CLANG_WARN_BOOL_CONVERSION = YES;
				CLANG_WARN_COMMA = YES;
				CLANG_WARN_CONSTANT_CONVERSION = YES;
				CLANG_WARN_DEPRECATED_OBJC_IMPLEMENTATIONS = YES;
				CLANG_WARN_DIRECT_OBJC_ISA_USAGE = YES_ERROR;
				CLANG_WARN_DOCUMENTATION_COMMENTS = YES;
				CLANG_WARN_EMPTY_BODY = YES;
				CLANG_WARN_ENUM_CONVERSION = YES;
				CLANG_WARN_INFINITE_RECURSION = YES;
				CLANG_WARN_INT_CONVERSION = YES;
				CLANG_WARN_NON_LITERAL_NULL_CONVERSION = YES;
				CLANG_WARN_OBJC_IMPLICIT_RETAIN_SELF = YES;
				CLANG_WARN_OBJC_LITERAL_CONVERSION = YES;
				CLANG_WARN_OBJC_ROOT_CLASS = YES_ERROR;
				CLANG_WARN_RANGE_LOOP_ANALYSIS = YES;
				CLANG_WARN_STRICT_PROTOTYPES = YES;
				CLANG_WARN_SUSPICIOUS_MOVE = YES;
				CLANG_WARN_UNGUARDED_AVAILABILITY = YES_AGGRESSIVE;
				CLANG_WARN_UNREACHABLE_CODE = YES;
				CLANG_WARN__DUPLICATE_METHOD_MATCH = YES;
				COPY_PHASE_STRIP = NO;
				DEBUG_INFORMATION_FORMAT = dwarf;
				ENABLE_STRICT_OBJC_MSGSEND = YES;
				ENABLE_TESTABILITY = YES;
				GCC_C_LANGUAGE_STANDARD = gnu11;
				GCC_DYNAMIC_NO_PIC = NO;
				GCC_NO_COMMON_BLOCKS = YES;
				GCC_OPTIMIZATION_LEVEL = 0;
				GCC_PREPROCESSOR_DEFINITIONS = (
					"DEBUG=1",
					"$(inherited)",
				);
				GCC_WARN_64_TO_32_BIT_CONVERSION = YES;
				GCC_WARN_ABOUT_RETURN_TYPE = YES_ERROR;
				GCC_WARN_UNDECLARED_SELECTOR = YES;
				GCC_WARN_UNINITIALIZED_AUTOS = YES_AGGRESSIVE;
				GCC_WARN_UNUSED_FUNCTION = YES;
				GCC_WARN_UNUSED_VARIABLE = YES;
				IPHONEOS_DEPLOYMENT_TARGET = 13.5;
				MTL_ENABLE_DEBUG_INFO = INCLUDE_SOURCE;
				MTL_FAST_MATH = YES;
				ONLY_ACTIVE_ARCH = YES;
				SDKROOT = iphoneos;
				SWIFT_ACTIVE_COMPILATION_CONDITIONS = DEBUG;
				SWIFT_OPTIMIZATION_LEVEL = "-Onone";
			};
			name = Debug;
		};
		30DF3303248A13D300BB6259 /* Release */ = {
			isa = XCBuildConfiguration;
			buildSettings = {
				ALWAYS_SEARCH_USER_PATHS = NO;
				CLANG_ANALYZER_NONNULL = YES;
				CLANG_ANALYZER_NUMBER_OBJECT_CONVERSION = YES_AGGRESSIVE;
				CLANG_CXX_LANGUAGE_STANDARD = "gnu++14";
				CLANG_CXX_LIBRARY = "libc++";
				CLANG_ENABLE_MODULES = YES;
				CLANG_ENABLE_OBJC_ARC = YES;
				CLANG_ENABLE_OBJC_WEAK = YES;
				CLANG_WARN_BLOCK_CAPTURE_AUTORELEASING = YES;
				CLANG_WARN_BOOL_CONVERSION = YES;
				CLANG_WARN_COMMA = YES;
				CLANG_WARN_CONSTANT_CONVERSION = YES;
				CLANG_WARN_DEPRECATED_OBJC_IMPLEMENTATIONS = YES;
				CLANG_WARN_DIRECT_OBJC_ISA_USAGE = YES_ERROR;
				CLANG_WARN_DOCUMENTATION_COMMENTS = YES;
				CLANG_WARN_EMPTY_BODY = YES;
				CLANG_WARN_ENUM_CONVERSION = YES;
				CLANG_WARN_INFINITE_RECURSION = YES;
				CLANG_WARN_INT_CONVERSION = YES;
				CLANG_WARN_NON_LITERAL_NULL_CONVERSION = YES;
				CLANG_WARN_OBJC_IMPLICIT_RETAIN_SELF = YES;
				CLANG_WARN_OBJC_LITERAL_CONVERSION = YES;
				CLANG_WARN_OBJC_ROOT_CLASS = YES_ERROR;
				CLANG_WARN_RANGE_LOOP_ANALYSIS = YES;
				CLANG_WARN_STRICT_PROTOTYPES = YES;
				CLANG_WARN_SUSPICIOUS_MOVE = YES;
				CLANG_WARN_UNGUARDED_AVAILABILITY = YES_AGGRESSIVE;
				CLANG_WARN_UNREACHABLE_CODE = YES;
				CLANG_WARN__DUPLICATE_METHOD_MATCH = YES;
				COPY_PHASE_STRIP = NO;
				DEBUG_INFORMATION_FORMAT = "dwarf-with-dsym";
				ENABLE_NS_ASSERTIONS = NO;
				ENABLE_STRICT_OBJC_MSGSEND = YES;
				GCC_C_LANGUAGE_STANDARD = gnu11;
				GCC_NO_COMMON_BLOCKS = YES;
				GCC_WARN_64_TO_32_BIT_CONVERSION = YES;
				GCC_WARN_ABOUT_RETURN_TYPE = YES_ERROR;
				GCC_WARN_UNDECLARED_SELECTOR = YES;
				GCC_WARN_UNINITIALIZED_AUTOS = YES_AGGRESSIVE;
				GCC_WARN_UNUSED_FUNCTION = YES;
				GCC_WARN_UNUSED_VARIABLE = YES;
				IPHONEOS_DEPLOYMENT_TARGET = 13.5;
				MTL_ENABLE_DEBUG_INFO = NO;
				MTL_FAST_MATH = YES;
				SDKROOT = iphoneos;
				SWIFT_COMPILATION_MODE = wholemodule;
				SWIFT_OPTIMIZATION_LEVEL = "-O";
				VALIDATE_PRODUCT = YES;
			};
			name = Release;
		};
		30DF3305248A13D300BB6259 /* Debug */ = {
			isa = XCBuildConfiguration;
			buildSettings = {
				ASSETCATALOG_COMPILER_APPICON_NAME = AppIcon;
				CODE_SIGN_STYLE = Automatic;
				DEVELOPMENT_TEAM = 3S4QH68434;
				INFOPLIST_FILE = CalcApp/Info.plist;
				LD_RUNPATH_SEARCH_PATHS = (
					"$(inherited)",
					"@executable_path/Frameworks",
				);
				PRODUCT_BUNDLE_IDENTIFIER = "jp.a-sw.kawamukai.r.CalcApp";
				PRODUCT_NAME = "$(TARGET_NAME)";
				SWIFT_VERSION = 5.0;
				TARGETED_DEVICE_FAMILY = "1,2";
			};
			name = Debug;
		};
		30DF3306248A13D300BB6259 /* Release */ = {
			isa = XCBuildConfiguration;
			buildSettings = {
				ASSETCATALOG_COMPILER_APPICON_NAME = AppIcon;
				CODE_SIGN_STYLE = Automatic;
				DEVELOPMENT_TEAM = 3S4QH68434;
				INFOPLIST_FILE = CalcApp/Info.plist;
				LD_RUNPATH_SEARCH_PATHS = (
					"$(inherited)",
					"@executable_path/Frameworks",
				);
				PRODUCT_BUNDLE_IDENTIFIER = "jp.a-sw.kawamukai.r.CalcApp";
				PRODUCT_NAME = "$(TARGET_NAME)";
				SWIFT_VERSION = 5.0;
				TARGETED_DEVICE_FAMILY = "1,2";
			};
			name = Release;
		};
/* End XCBuildConfiguration section */

/* Begin XCConfigurationList section */
		30DF32EB248A13CF00BB6259 /* Build configuration list for PBXProject "CalcApp" */ = {
			isa = XCConfigurationList;
			buildConfigurations = (
				30DF3302248A13D300BB6259 /* Debug */,
				30DF3303248A13D300BB6259 /* Release */,
			);
			defaultConfigurationIsVisible = 0;
			defaultConfigurationName = Release;
		};
		30DF3304248A13D300BB6259 /* Build configuration list for PBXNativeTarget "CalcApp" */ = {
			isa = XCConfigurationList;
			buildConfigurations = (
				30DF3305248A13D300BB6259 /* Debug */,
				30DF3306248A13D300BB6259 /* Release */,
			);
			defaultConfigurationIsVisible = 0;
			defaultConfigurationName = Release;
		};
/* End XCConfigurationList section */
	};
	rootObject = 30DF32E8248A13CF00BB6259 /* Project object */;
}
